
Microsoft Visual Studio Solution File, Format Version 12.00
# Visual Studio 15
VisualStudioVersion = 15.0.26430.15
MinimumVisualStudioVersion = 10.0.40219.1
Project("{FAE04EC0-301F-11D3-BF4B-00C04F79EFBC}") = "AnagramsLib", "AnagramsLib\AnagramsLib.csproj", "{28152E5C-D774-4391-8389-A3439C491794}"
EndProject
Project("{FAE04EC0-301F-11D3-BF4B-00C04F79EFBC}") = "AnagramsLibTests", "AnagramsLibTests\AnagramsLibTests.csproj", "{A0F90F2A-1F79-4447-89C1-F6537F58B5E2}"
EndProject
Global
	GlobalSection(SolutionConfigurationPlatforms) = preSolution
		Debug|Any CPU = Debug|Any CPU
		Release|Any CPU = Release|Any CPU
	EndGlobalSection
	GlobalSection(ProjectConfigurationPlatforms) = postSolution
		{28152E5C-D774-4391-8389-A3439C491794}.Debug|Any CPU.ActiveCfg = Debug|Any CPU
		{28152E5C-D774-4391-8389-A3439C491794}.Debug|Any CPU.Build.0 = Debug|Any CPU
		{28152E5C-D774-4391-8389-A3439C491794}.Release|Any CPU.ActiveCfg = Release|Any CPU
		{28152E5C-D774-4391-8389-A3439C491794}.Release|Any CPU.Build.0 = Release|Any CPU
		{A0F90F2A-1F79-4447-89C1-F6537F58B5E2}.Debug|Any CPU.ActiveCfg = Debug|Any CPU
		{A0F90F2A-1F79-4447-89C1-F6537F58B5E2}.Debug|Any CPU.Build.0 = Debug|Any CPU
		{A0F90F2A-1F79-4447-89C1-F6537F58B5E2}.Release|Any CPU.ActiveCfg = Release|Any CPU
		{A0F90F2A-1F79-4447-89C1-F6537F58B5E2}.Release|Any CPU.Build.0 = Release|Any CPU
	EndGlobalSection
	GlobalSection(SolutionProperties) = preSolution
		HideSolutionNode = FALSE
	EndGlobalSection
EndGlobal
