
Microsoft Visual Studio Solution File, Format Version 12.00
# Visual Studio 15
VisualStudioVersion = 15.0.26228.4
MinimumVisualStudioVersion = 10.0.40219.1
Project("{FAE04EC0-301F-11D3-BF4B-00C04F79EFBC}") = "BowlingApp", "BownlingApp\BowlingApp.csproj", "{74597277-29B3-4104-8E52-92BC4FF04CAB}"
EndProject
Project("{FAE04EC0-301F-11D3-BF4B-00C04F79EFBC}") = "BowlingTests", "BowlingTests\BowlingTests.csproj", "{F6B14854-CCDC-46F2-BCC3-92552D8D3455}"
EndProject
Global
	GlobalSection(SolutionConfigurationPlatforms) = preSolution
		Debug|Any CPU = Debug|Any CPU
		Release|Any CPU = Release|Any CPU
	EndGlobalSection
	GlobalSection(ProjectConfigurationPlatforms) = postSolution
		{74597277-29B3-4104-8E52-92BC4FF04CAB}.Debug|Any CPU.ActiveCfg = Debug|Any CPU
		{74597277-29B3-4104-8E52-92BC4FF04CAB}.Debug|Any CPU.Build.0 = Debug|Any CPU
		{74597277-29B3-4104-8E52-92BC4FF04CAB}.Release|Any CPU.ActiveCfg = Release|Any CPU
		{74597277-29B3-4104-8E52-92BC4FF04CAB}.Release|Any CPU.Build.0 = Release|Any CPU
		{F6B14854-CCDC-46F2-BCC3-92552D8D3455}.Debug|Any CPU.ActiveCfg = Debug|Any CPU
		{F6B14854-CCDC-46F2-BCC3-92552D8D3455}.Debug|Any CPU.Build.0 = Debug|Any CPU
		{F6B14854-CCDC-46F2-BCC3-92552D8D3455}.Release|Any CPU.ActiveCfg = Release|Any CPU
		{F6B14854-CCDC-46F2-BCC3-92552D8D3455}.Release|Any CPU.Build.0 = Release|Any CPU
	EndGlobalSection
	GlobalSection(SolutionProperties) = preSolution
		HideSolutionNode = FALSE
	EndGlobalSection
EndGlobal
